
Microsoft Visual Studio Solution File, Format Version 12.00
# Visual Studio Version 16
VisualStudioVersion = 16.0.31729.503
MinimumVisualStudioVersion = 10.0.40219.1
Project("{FAE04EC0-301F-11D3-BF4B-00C04F79EFBC}") = "okucia", "okucia\okucia.csproj", "{36B298D8-EFF6-4698-A808-6D0F70878168}"
EndProject
Global
	GlobalSection(SolutionConfigurationPlatforms) = preSolution
		Debug|Any CPU = Debug|Any CPU
		Release|Any CPU = Release|Any CPU
	EndGlobalSection
	GlobalSection(ProjectConfigurationPlatforms) = postSolution
		{36B298D8-EFF6-4698-A808-6D0F70878168}.Debug|Any CPU.ActiveCfg = Debug|Any CPU
		{36B298D8-EFF6-4698-A808-6D0F70878168}.Debug|Any CPU.Build.0 = Debug|Any CPU
		{36B298D8-EFF6-4698-A808-6D0F70878168}.Release|Any CPU.ActiveCfg = Release|Any CPU
		{36B298D8-EFF6-4698-A808-6D0F70878168}.Release|Any CPU.Build.0 = Release|Any CPU
	EndGlobalSection
	GlobalSection(SolutionProperties) = preSolution
		HideSolutionNode = FALSE
	EndGlobalSection
	GlobalSection(ExtensibilityGlobals) = postSolution
		SolutionGuid = {CE2A6DB2-46CC-41B9-A92E-C05868DE37B2}
	EndGlobalSection
EndGlobal
